// !$*UTF8*$!
{
	archiveVersion = 1;
	classes = {
	};
	objectVersion = 77;
	objects = {

/* Begin PBXContainerItemProxy section */
		EB227EB02DD0FB7C00ED8411 /* PBXContainerItemProxy */ = {
			isa = PBXContainerItemProxy;
			containerPortal = EB227E962DD0FB7B00ED8411 /* Project object */;
			proxyType = 1;
			remoteGlobalIDString = EB227E9D2DD0FB7B00ED8411;
			remoteInfo = "swift-rpc-demo";
		};
		EB227EBA2DD0FB7C00ED8411 /* PBXContainerItemProxy */ = {
			isa = PBXContainerItemProxy;
			containerPortal = EB227E962DD0FB7B00ED8411 /* Project object */;
			proxyType = 1;
			remoteGlobalIDString = EB227E9D2DD0FB7B00ED8411;
			remoteInfo = "swift-rpc-demo";
		};
/* End PBXContainerItemProxy section */

/* Begin PBXFileReference section */
		EB227E9E2DD0FB7B00ED8411 /* swift-rpc-demo.app */ = {isa = PBXFileReference; explicitFileType = wrapper.application; includeInIndex = 0; path = "swift-rpc-demo.app"; sourceTree = BUILT_PRODUCTS_DIR; };
		EB227EAF2DD0FB7C00ED8411 /* swift-rpc-demoTests.xctest */ = {isa = PBXFileReference; explicitFileType = wrapper.cfbundle; includeInIndex = 0; path = "swift-rpc-demoTests.xctest"; sourceTree = BUILT_PRODUCTS_DIR; };
		EB227EB92DD0FB7C00ED8411 /* swift-rpc-demoUITests.xctest */ = {isa = PBXFileReference; explicitFileType = wrapper.cfbundle; includeInIndex = 0; path = "swift-rpc-demoUITests.xctest"; sourceTree = BUILT_PRODUCTS_DIR; };
/* End PBXFileReference section */

/* Begin PBXFileSystemSynchronizedRootGroup section */
		EB227EA02DD0FB7B00ED8411 /* swift-rpc-demo */ = {
			isa = PBXFileSystemSynchronizedRootGroup;
			path = "swift-rpc-demo";
			sourceTree = "<group>";
		};
		EB227EB22DD0FB7C00ED8411 /* swift-rpc-demoTests */ = {
			isa = PBXFileSystemSynchronizedRootGroup;
			path = "swift-rpc-demoTests";
			sourceTree = "<group>";
		};
		EB227EBC2DD0FB7C00ED8411 /* swift-rpc-demoUITests */ = {
			isa = PBXFileSystemSynchronizedRootGroup;
			path = "swift-rpc-demoUITests";
			sourceTree = "<group>";
		};
/* End PBXFileSystemSynchronizedRootGroup section */

/* Begin PBXFrameworksBuildPhase section */
		EB227E9B2DD0FB7B00ED8411 /* Frameworks */ = {
			isa = PBXFrameworksBuildPhase;
			buildActionMask = 2147483647;
			files = (
			);
			runOnlyForDeploymentPostprocessing = 0;
		};
		EB227EAC2DD0FB7C00ED8411 /* Frameworks */ = {
			isa = PBXFrameworksBuildPhase;
			buildActionMask = 2147483647;
			files = (
			);
			runOnlyForDeploymentPostprocessing = 0;
		};
		EB227EB62DD0FB7C00ED8411 /* Frameworks */ = {
			isa = PBXFrameworksBuildPhase;
			buildActionMask = 2147483647;
			files = (
			);
			runOnlyForDeploymentPostprocessing = 0;
		};
/* End PBXFrameworksBuildPhase section */

/* Begin PBXGroup section */
		EB227E952DD0FB7B00ED8411 = {
			isa = PBXGroup;
			children = (
				EB227EA02DD0FB7B00ED8411 /* swift-rpc-demo */,
				EB227EB22DD0FB7C00ED8411 /* swift-rpc-demoTests */,
				EB227EBC2DD0FB7C00ED8411 /* swift-rpc-demoUITests */,
				EB227E9F2DD0FB7B00ED8411 /* Products */,
			);
			sourceTree = "<group>";
		};
		EB227E9F2DD0FB7B00ED8411 /* Products */ = {
			isa = PBXGroup;
			children = (
				EB227E9E2DD0FB7B00ED8411 /* swift-rpc-demo.app */,
				EB227EAF2DD0FB7C00ED8411 /* swift-rpc-demoTests.xctest */,
				EB227EB92DD0FB7C00ED8411 /* swift-rpc-demoUITests.xctest */,
			);
			name = Products;
			sourceTree = "<group>";
		};
/* End PBXGroup section */

/* Begin PBXNativeTarget section */
		EB227E9D2DD0FB7B00ED8411 /* swift-rpc-demo */ = {
			isa = PBXNativeTarget;
			buildConfigurationList = EB227EC32DD0FB7C00ED8411 /* Build configuration list for PBXNativeTarget "swift-rpc-demo" */;
			buildPhases = (
				EB227E9A2DD0FB7B00ED8411 /* Sources */,
				EB227E9B2DD0FB7B00ED8411 /* Frameworks */,
				EB227E9C2DD0FB7B00ED8411 /* Resources */,
			);
			buildRules = (
			);
			dependencies = (
			);
			fileSystemSynchronizedGroups = (
				EB227EA02DD0FB7B00ED8411 /* swift-rpc-demo */,
			);
			name = "swift-rpc-demo";
			packageProductDependencies = (
			);
			productName = "swift-rpc-demo";
			productReference = EB227E9E2DD0FB7B00ED8411 /* swift-rpc-demo.app */;
			productType = "com.apple.product-type.application";
		};
		EB227EAE2DD0FB7C00ED8411 /* swift-rpc-demoTests */ = {
			isa = PBXNativeTarget;
			buildConfigurationList = EB227EC62DD0FB7C00ED8411 /* Build configuration list for PBXNativeTarget "swift-rpc-demoTests" */;
			buildPhases = (
				EB227EAB2DD0FB7C00ED8411 /* Sources */,
				EB227EAC2DD0FB7C00ED8411 /* Frameworks */,
				EB227EAD2DD0FB7C00ED8411 /* Resources */,
			);
			buildRules = (
			);
			dependencies = (
				EB227EB12DD0FB7C00ED8411 /* PBXTargetDependency */,
			);
			fileSystemSynchronizedGroups = (
				EB227EB22DD0FB7C00ED8411 /* swift-rpc-demoTests */,
			);
			name = "swift-rpc-demoTests";
			packageProductDependencies = (
			);
			productName = "swift-rpc-demoTests";
			productReference = EB227EAF2DD0FB7C00ED8411 /* swift-rpc-demoTests.xctest */;
			productType = "com.apple.product-type.bundle.unit-test";
		};
		EB227EB82DD0FB7C00ED8411 /* swift-rpc-demoUITests */ = {
			isa = PBXNativeTarget;
			buildConfigurationList = EB227EC92DD0FB7C00ED8411 /* Build configuration list for PBXNativeTarget "swift-rpc-demoUITests" */;
			buildPhases = (
				EB227EB52DD0FB7C00ED8411 /* Sources */,
				EB227EB62DD0FB7C00ED8411 /* Frameworks */,
				EB227EB72DD0FB7C00ED8411 /* Resources */,
			);
			buildRules = (
			);
			dependencies = (
				EB227EBB2DD0FB7C00ED8411 /* PBXTargetDependency */,
			);
			fileSystemSynchronizedGroups = (
				EB227EBC2DD0FB7C00ED8411 /* swift-rpc-demoUITests */,
			);
			name = "swift-rpc-demoUITests";
			packageProductDependencies = (
			);
			productName = "swift-rpc-demoUITests";
			productReference = EB227EB92DD0FB7C00ED8411 /* swift-rpc-demoUITests.xctest */;
			productType = "com.apple.product-type.bundle.ui-testing";
		};
/* End PBXNativeTarget section */

/* Begin PBXProject section */
		EB227E962DD0FB7B00ED8411 /* Project object */ = {
			isa = PBXProject;
			attributes = {
				BuildIndependentTargetsInParallel = 1;
				LastSwiftUpdateCheck = 1600;
				LastUpgradeCheck = 1600;
				TargetAttributes = {
					EB227E9D2DD0FB7B00ED8411 = {
						CreatedOnToolsVersion = 16.0;
					};
					EB227EAE2DD0FB7C00ED8411 = {
						CreatedOnToolsVersion = 16.0;
						TestTargetID = EB227E9D2DD0FB7B00ED8411;
					};
					EB227EB82DD0FB7C00ED8411 = {
						CreatedOnToolsVersion = 16.0;
						TestTargetID = EB227E9D2DD0FB7B00ED8411;
					};
				};
			};
			buildConfigurationList = EB227E992DD0FB7B00ED8411 /* Build configuration list for PBXProject "swift-rpc-demo" */;
			developmentRegion = en;
			hasScannedForEncodings = 0;
			knownRegions = (
				en,
				Base,
			);
			mainGroup = EB227E952DD0FB7B00ED8411;
			minimizedProjectReferenceProxies = 1;
			preferredProjectObjectVersion = 77;
			productRefGroup = EB227E9F2DD0FB7B00ED8411 /* Products */;
			projectDirPath = "";
			projectRoot = "";
			targets = (
				EB227E9D2DD0FB7B00ED8411 /* swift-rpc-demo */,
				EB227EAE2DD0FB7C00ED8411 /* swift-rpc-demoTests */,
				EB227EB82DD0FB7C00ED8411 /* swift-rpc-demoUITests */,
			);
		};
/* End PBXProject section */

/* Begin PBXResourcesBuildPhase section */
		EB227E9C2DD0FB7B00ED8411 /* Resources */ = {
			isa = PBXResourcesBuildPhase;
			buildActionMask = 2147483647;
			files = (
			);
			runOnlyForDeploymentPostprocessing = 0;
		};
		EB227EAD2DD0FB7C00ED8411 /* Resources */ = {
			isa = PBXResourcesBuildPhase;
			buildActionMask = 2147483647;
			files = (
			);
			runOnlyForDeploymentPostprocessing = 0;
		};
		EB227EB72DD0FB7C00ED8411 /* Resources */ = {
			isa = PBXResourcesBuildPhase;
			buildActionMask = 2147483647;
			files = (
			);
			runOnlyForDeploymentPostprocessing = 0;
		};
/* End PBXResourcesBuildPhase section */

/* Begin PBXSourcesBuildPhase section */
		EB227E9A2DD0FB7B00ED8411 /* Sources */ = {
			isa = PBXSourcesBuildPhase;
			buildActionMask = 2147483647;
			files = (
			);
			runOnlyForDeploymentPostprocessing = 0;
		};
		EB227EAB2DD0FB7C00ED8411 /* Sources */ = {
			isa = PBXSourcesBuildPhase;
			buildActionMask = 2147483647;
			files = (
			);
			runOnlyForDeploymentPostprocessing = 0;
		};
		EB227EB52DD0FB7C00ED8411 /* Sources */ = {
			isa = PBXSourcesBuildPhase;
			buildActionMask = 2147483647;
			files = (
			);
			runOnlyForDeploymentPostprocessing = 0;
		};
/* End PBXSourcesBuildPhase section */

/* Begin PBXTargetDependency section */
		EB227EB12DD0FB7C00ED8411 /* PBXTargetDependency */ = {
			isa = PBXTargetDependency;
			target = EB227E9D2DD0FB7B00ED8411 /* swift-rpc-demo */;
			targetProxy = EB227EB02DD0FB7C00ED8411 /* PBXContainerItemProxy */;
		};
		EB227EBB2DD0FB7C00ED8411 /* PBXTargetDependency */ = {
			isa = PBXTargetDependency;
			target = EB227E9D2DD0FB7B00ED8411 /* swift-rpc-demo */;
			targetProxy = EB227EBA2DD0FB7C00ED8411 /* PBXContainerItemProxy */;
		};
/* End PBXTargetDependency section */

/* Begin XCBuildConfiguration section */
		EB227EC12DD0FB7C00ED8411 /* Debug */ = {
			isa = XCBuildConfiguration;
			buildSettings = {
				ALWAYS_SEARCH_USER_PATHS = NO;
				ASSETCATALOG_COMPILER_GENERATE_SWIFT_ASSET_SYMBOL_EXTENSIONS = YES;
				CLANG_ANALYZER_NONNULL = YES;
				CLANG_ANALYZER_NUMBER_OBJECT_CONVERSION = YES_AGGRESSIVE;
				CLANG_CXX_LANGUAGE_STANDARD = "gnu++20";
				CLANG_ENABLE_MODULES = YES;
				CLANG_ENABLE_OBJC_ARC = YES;
				CLANG_ENABLE_OBJC_WEAK = YES;
				CLANG_WARN_BLOCK_CAPTURE_AUTORELEASING = YES;
				CLANG_WARN_BOOL_CONVERSION = YES;
				CLANG_WARN_COMMA = YES;
				CLANG_WARN_CONSTANT_CONVERSION = YES;
				CLANG_WARN_DEPRECATED_OBJC_IMPLEMENTATIONS = YES;
				CLANG_WARN_DIRECT_OBJC_ISA_USAGE = YES_ERROR;
				CLANG_WARN_DOCUMENTATION_COMMENTS = YES;
				CLANG_WARN_EMPTY_BODY = YES;
				CLANG_WARN_ENUM_CONVERSION = YES;
				CLANG_WARN_INFINITE_RECURSION = YES;
				CLANG_WARN_INT_CONVERSION = YES;
				CLANG_WARN_NON_LITERAL_NULL_CONVERSION = YES;
				CLANG_WARN_OBJC_IMPLICIT_RETAIN_SELF = YES;
				CLANG_WARN_OBJC_LITERAL_CONVERSION = YES;
				CLANG_WARN_OBJC_ROOT_CLASS = YES_ERROR;
				CLANG_WARN_QUOTED_INCLUDE_IN_FRAMEWORK_HEADER = YES;
				CLANG_WARN_RANGE_LOOP_ANALYSIS = YES;
				CLANG_WARN_STRICT_PROTOTYPES = YES;
				CLANG_WARN_SUSPICIOUS_MOVE = YES;
				CLANG_WARN_UNGUARDED_AVAILABILITY = YES_AGGRESSIVE;
				CLANG_WARN_UNREACHABLE_CODE = YES;
				CLANG_WARN__DUPLICATE_METHOD_MATCH = YES;
				COPY_PHASE_STRIP = NO;
				DEBUG_INFORMATION_FORMAT = dwarf;
				ENABLE_STRICT_OBJC_MSGSEND = YES;
				ENABLE_TESTABILITY = YES;
				ENABLE_USER_SCRIPT_SANDBOXING = YES;
				GCC_C_LANGUAGE_STANDARD = gnu17;
				GCC_DYNAMIC_NO_PIC = NO;
				GCC_NO_COMMON_BLOCKS = YES;
				GCC_OPTIMIZATION_LEVEL = 0;
				GCC_PREPROCESSOR_DEFINITIONS = (
					"DEBUG=1",
					"$(inherited)",
				);
				GCC_WARN_64_TO_32_BIT_CONVERSION = YES;
				GCC_WARN_ABOUT_RETURN_TYPE = YES_ERROR;
				GCC_WARN_UNDECLARED_SELECTOR = YES;
				GCC_WARN_UNINITIALIZED_AUTOS = YES_AGGRESSIVE;
				GCC_WARN_UNUSED_FUNCTION = YES;
				GCC_WARN_UNUSED_VARIABLE = YES;
				LOCALIZATION_PREFERS_STRING_CATALOGS = YES;
				MTL_ENABLE_DEBUG_INFO = INCLUDE_SOURCE;
				MTL_FAST_MATH = YES;
				ONLY_ACTIVE_ARCH = YES;
				SWIFT_ACTIVE_COMPILATION_CONDITIONS = "DEBUG $(inherited)";
				SWIFT_OPTIMIZATION_LEVEL = "-Onone";
			};
			name = Debug;
		};
		EB227EC22DD0FB7C00ED8411 /* Release */ = {
			isa = XCBuildConfiguration;
			buildSettings = {
				ALWAYS_SEARCH_USER_PATHS = NO;
				ASSETCATALOG_COMPILER_GENERATE_SWIFT_ASSET_SYMBOL_EXTENSIONS = YES;
				CLANG_ANALYZER_NONNULL = YES;
				CLANG_ANALYZER_NUMBER_OBJECT_CONVERSION = YES_AGGRESSIVE;
				CLANG_CXX_LANGUAGE_STANDARD = "gnu++20";
				CLANG_ENABLE_MODULES = YES;
				CLANG_ENABLE_OBJC_ARC = YES;
				CLANG_ENABLE_OBJC_WEAK = YES;
				CLANG_WARN_BLOCK_CAPTURE_AUTORELEASING = YES;
				CLANG_WARN_BOOL_CONVERSION = YES;
				CLANG_WARN_COMMA = YES;
				CLANG_WARN_CONSTANT_CONVERSION = YES;
				CLANG_WARN_DEPRECATED_OBJC_IMPLEMENTATIONS = YES;
				CLANG_WARN_DIRECT_OBJC_ISA_USAGE = YES_ERROR;
				CLANG_WARN_DOCUMENTATION_COMMENTS = YES;
				CLANG_WARN_EMPTY_BODY = YES;
				CLANG_WARN_ENUM_CONVERSION = YES;
				CLANG_WARN_INFINITE_RECURSION = YES;
				CLANG_WARN_INT_CONVERSION = YES;
				CLANG_WARN_NON_LITERAL_NULL_CONVERSION = YES;
				CLANG_WARN_OBJC_IMPLICIT_RETAIN_SELF = YES;
				CLANG_WARN_OBJC_LITERAL_CONVERSION = YES;
				CLANG_WARN_OBJC_ROOT_CLASS = YES_ERROR;
				CLANG_WARN_QUOTED_INCLUDE_IN_FRAMEWORK_HEADER = YES;
				CLANG_WARN_RANGE_LOOP_ANALYSIS = YES;
				CLANG_WARN_STRICT_PROTOTYPES = YES;
				CLANG_WARN_SUSPICIOUS_MOVE = YES;
				CLANG_WARN_UNGUARDED_AVAILABILITY = YES_AGGRESSIVE;
				CLANG_WARN_UNREACHABLE_CODE = YES;
				CLANG_WARN__DUPLICATE_METHOD_MATCH = YES;
				COPY_PHASE_STRIP = NO;
				DEBUG_INFORMATION_FORMAT = "dwarf-with-dsym";
				ENABLE_NS_ASSERTIONS = NO;
				ENABLE_STRICT_OBJC_MSGSEND = YES;
				ENABLE_USER_SCRIPT_SANDBOXING = YES;
				GCC_C_LANGUAGE_STANDARD = gnu17;
				GCC_NO_COMMON_BLOCKS = YES;
				GCC_WARN_64_TO_32_BIT_CONVERSION = YES;
				GCC_WARN_ABOUT_RETURN_TYPE = YES_ERROR;
				GCC_WARN_UNDECLARED_SELECTOR = YES;
				GCC_WARN_UNINITIALIZED_AUTOS = YES_AGGRESSIVE;
				GCC_WARN_UNUSED_FUNCTION = YES;
				GCC_WARN_UNUSED_VARIABLE = YES;
				LOCALIZATION_PREFERS_STRING_CATALOGS = YES;
				MTL_ENABLE_DEBUG_INFO = NO;
				MTL_FAST_MATH = YES;
				SWIFT_COMPILATION_MODE = wholemodule;
			};
			name = Release;
		};
		EB227EC42DD0FB7C00ED8411 /* Debug */ = {
			isa = XCBuildConfiguration;
			buildSettings = {
				ASSETCATALOG_COMPILER_APPICON_NAME = AppIcon;
				ASSETCATALOG_COMPILER_GLOBAL_ACCENT_COLOR_NAME = AccentColor;
				CODE_SIGN_ENTITLEMENTS = "swift-rpc-demo/swift_rpc_demo.entitlements";
				CODE_SIGN_STYLE = Automatic;
				CURRENT_PROJECT_VERSION = 1;
				DEVELOPMENT_ASSET_PATHS = "\"swift-rpc-demo/Preview Content\"";
				DEVELOPMENT_TEAM = 5MSJZ52B7G;
				ENABLE_HARDENED_RUNTIME = YES;
				ENABLE_PREVIEWS = YES;
				GENERATE_INFOPLIST_FILE = YES;
				"INFOPLIST_KEY_UIApplicationSceneManifest_Generation[sdk=iphoneos*]" = YES;
				"INFOPLIST_KEY_UIApplicationSceneManifest_Generation[sdk=iphonesimulator*]" = YES;
				"INFOPLIST_KEY_UIApplicationSupportsIndirectInputEvents[sdk=iphoneos*]" = YES;
				"INFOPLIST_KEY_UIApplicationSupportsIndirectInputEvents[sdk=iphonesimulator*]" = YES;
				"INFOPLIST_KEY_UILaunchScreen_Generation[sdk=iphoneos*]" = YES;
				"INFOPLIST_KEY_UILaunchScreen_Generation[sdk=iphonesimulator*]" = YES;
				"INFOPLIST_KEY_UIStatusBarStyle[sdk=iphoneos*]" = UIStatusBarStyleDefault;
				"INFOPLIST_KEY_UIStatusBarStyle[sdk=iphonesimulator*]" = UIStatusBarStyleDefault;
				INFOPLIST_KEY_UISupportedInterfaceOrientations_iPad = "UIInterfaceOrientationPortrait UIInterfaceOrientationPortraitUpsideDown UIInterfaceOrientationLandscapeLeft UIInterfaceOrientationLandscapeRight";
				INFOPLIST_KEY_UISupportedInterfaceOrientations_iPhone = "UIInterfaceOrientationPortrait UIInterfaceOrientationLandscapeLeft UIInterfaceOrientationLandscapeRight";
				IPHONEOS_DEPLOYMENT_TARGET = 18.0;
				LD_RUNPATH_SEARCH_PATHS = "@executable_path/Frameworks";
				"LD_RUNPATH_SEARCH_PATHS[sdk=macosx*]" = "@executable_path/../Frameworks";
				MACOSX_DEPLOYMENT_TARGET = 14.6;
				MARKETING_VERSION = 1.0;
				PRODUCT_BUNDLE_IDENTIFIER = "com.github.kanakanho.swift-rpc-demo";
				PRODUCT_NAME = "$(TARGET_NAME)";
				SDKROOT = auto;
				SUPPORTED_PLATFORMS = "iphoneos iphonesimulator macosx xros xrsimulator";
				SWIFT_EMIT_LOC_STRINGS = YES;
				SWIFT_VERSION = 5.0;
				TARGETED_DEVICE_FAMILY = "1,2,7";
				XROS_DEPLOYMENT_TARGET = 2.0;
			};
			name = Debug;
		};
		EB227EC52DD0FB7C00ED8411 /* Release */ = {
			isa = XCBuildConfiguration;
			buildSettings = {
				ASSETCATALOG_COMPILER_APPICON_NAME = AppIcon;
				ASSETCATALOG_COMPILER_GLOBAL_ACCENT_COLOR_NAME = AccentColor;
				CODE_SIGN_ENTITLEMENTS = "swift-rpc-demo/swift_rpc_demo.entitlements";
				CODE_SIGN_STYLE = Automatic;
				CURRENT_PROJECT_VERSION = 1;
				DEVELOPMENT_ASSET_PATHS = "\"swift-rpc-demo/Preview Content\"";
				DEVELOPMENT_TEAM = 5MSJZ52B7G;
				ENABLE_HARDENED_RUNTIME = YES;
				ENABLE_PREVIEWS = YES;
				GENERATE_INFOPLIST_FILE = YES;
				"INFOPLIST_KEY_UIApplicationSceneManifest_Generation[sdk=iphoneos*]" = YES;
				"INFOPLIST_KEY_UIApplicationSceneManifest_Generation[sdk=iphonesimulator*]" = YES;
				"INFOPLIST_KEY_UIApplicationSupportsIndirectInputEvents[sdk=iphoneos*]" = YES;
				"INFOPLIST_KEY_UIApplicationSupportsIndirectInputEvents[sdk=iphonesimulator*]" = YES;
				"INFOPLIST_KEY_UILaunchScreen_Generation[sdk=iphoneos*]" = YES;
				"INFOPLIST_KEY_UILaunchScreen_Generation[sdk=iphonesimulator*]" = YES;
				"INFOPLIST_KEY_UIStatusBarStyle[sdk=iphoneos*]" = UIStatusBarStyleDefault;
				"INFOPLIST_KEY_UIStatusBarStyle[sdk=iphonesimulator*]" = UIStatusBarStyleDefault;
				INFOPLIST_KEY_UISupportedInterfaceOrientations_iPad = "UIInterfaceOrientationPortrait UIInterfaceOrientationPortraitUpsideDown UIInterfaceOrientationLandscapeLeft UIInterfaceOrientationLandscapeRight";
				INFOPLIST_KEY_UISupportedInterfaceOrientations_iPhone = "UIInterfaceOrientationPortrait UIInterfaceOrientationLandscapeLeft UIInterfaceOrientationLandscapeRight";
				IPHONEOS_DEPLOYMENT_TARGET = 18.0;
				LD_RUNPATH_SEARCH_PATHS = "@executable_path/Frameworks";
				"LD_RUNPATH_SEARCH_PATHS[sdk=macosx*]" = "@executable_path/../Frameworks";
				MACOSX_DEPLOYMENT_TARGET = 14.6;
				MARKETING_VERSION = 1.0;
				PRODUCT_BUNDLE_IDENTIFIER = "com.github.kanakanho.swift-rpc-demo";
				PRODUCT_NAME = "$(TARGET_NAME)";
				SDKROOT = auto;
				SUPPORTED_PLATFORMS = "iphoneos iphonesimulator macosx xros xrsimulator";
				SWIFT_EMIT_LOC_STRINGS = YES;
				SWIFT_VERSION = 5.0;
				TARGETED_DEVICE_FAMILY = "1,2,7";
				XROS_DEPLOYMENT_TARGET = 2.0;
			};
			name = Release;
		};
		EB227EC72DD0FB7C00ED8411 /* Debug */ = {
			isa = XCBuildConfiguration;
			buildSettings = {
				BUNDLE_LOADER = "$(TEST_HOST)";
				CODE_SIGN_STYLE = Automatic;
				CURRENT_PROJECT_VERSION = 1;
				DEVELOPMENT_TEAM = 5MSJZ52B7G;
				GENERATE_INFOPLIST_FILE = YES;
				IPHONEOS_DEPLOYMENT_TARGET = 18.0;
				MACOSX_DEPLOYMENT_TARGET = 14.6;
				MARKETING_VERSION = 1.0;
				PRODUCT_BUNDLE_IDENTIFIER = "com.github.kanakanho.swift-rpc-demoTests";
				PRODUCT_NAME = "$(TARGET_NAME)";
				SDKROOT = auto;
				SUPPORTED_PLATFORMS = "iphoneos iphonesimulator macosx xros xrsimulator";
				SWIFT_EMIT_LOC_STRINGS = NO;
				SWIFT_VERSION = 5.0;
				TARGETED_DEVICE_FAMILY = "1,2,7";
				TEST_HOST = "$(BUILT_PRODUCTS_DIR)/swift-rpc-demo.app/$(BUNDLE_EXECUTABLE_FOLDER_PATH)/swift-rpc-demo";
				XROS_DEPLOYMENT_TARGET = 2.0;
			};
			name = Debug;
		};
		EB227EC82DD0FB7C00ED8411 /* Release */ = {
			isa = XCBuildConfiguration;
			buildSettings = {
				BUNDLE_LOADER = "$(TEST_HOST)";
				CODE_SIGN_STYLE = Automatic;
				CURRENT_PROJECT_VERSION = 1;
				DEVELOPMENT_TEAM = 5MSJZ52B7G;
				GENERATE_INFOPLIST_FILE = YES;
				IPHONEOS_DEPLOYMENT_TARGET = 18.0;
				MACOSX_DEPLOYMENT_TARGET = 14.6;
				MARKETING_VERSION = 1.0;
				PRODUCT_BUNDLE_IDENTIFIER = "com.github.kanakanho.swift-rpc-demoTests";
				PRODUCT_NAME = "$(TARGET_NAME)";
				SDKROOT = auto;
				SUPPORTED_PLATFORMS = "iphoneos iphonesimulator macosx xros xrsimulator";
				SWIFT_EMIT_LOC_STRINGS = NO;
				SWIFT_VERSION = 5.0;
				TARGETED_DEVICE_FAMILY = "1,2,7";
				TEST_HOST = "$(BUILT_PRODUCTS_DIR)/swift-rpc-demo.app/$(BUNDLE_EXECUTABLE_FOLDER_PATH)/swift-rpc-demo";
				XROS_DEPLOYMENT_TARGET = 2.0;
			};
			name = Release;
		};
		EB227ECA2DD0FB7C00ED8411 /* Debug */ = {
			isa = XCBuildConfiguration;
			buildSettings = {
				CODE_SIGN_STYLE = Automatic;
				CURRENT_PROJECT_VERSION = 1;
				DEVELOPMENT_TEAM = 5MSJZ52B7G;
				GENERATE_INFOPLIST_FILE = YES;
				IPHONEOS_DEPLOYMENT_TARGET = 18.0;
				MACOSX_DEPLOYMENT_TARGET = 14.6;
				MARKETING_VERSION = 1.0;
				PRODUCT_BUNDLE_IDENTIFIER = "com.github.kanakanho.swift-rpc-demoUITests";
				PRODUCT_NAME = "$(TARGET_NAME)";
				SDKROOT = auto;
				SUPPORTED_PLATFORMS = "iphoneos iphonesimulator macosx xros xrsimulator";
				SWIFT_EMIT_LOC_STRINGS = NO;
				SWIFT_VERSION = 5.0;
				TARGETED_DEVICE_FAMILY = "1,2,7";
				TEST_TARGET_NAME = "swift-rpc-demo";
				XROS_DEPLOYMENT_TARGET = 2.0;
			};
			name = Debug;
		};
		EB227ECB2DD0FB7C00ED8411 /* Release */ = {
			isa = XCBuildConfiguration;
			buildSettings = {
				CODE_SIGN_STYLE = Automatic;
				CURRENT_PROJECT_VERSION = 1;
				DEVELOPMENT_TEAM = 5MSJZ52B7G;
				GENERATE_INFOPLIST_FILE = YES;
				IPHONEOS_DEPLOYMENT_TARGET = 18.0;
				MACOSX_DEPLOYMENT_TARGET = 14.6;
				MARKETING_VERSION = 1.0;
				PRODUCT_BUNDLE_IDENTIFIER = "com.github.kanakanho.swift-rpc-demoUITests";
				PRODUCT_NAME = "$(TARGET_NAME)";
				SDKROOT = auto;
				SUPPORTED_PLATFORMS = "iphoneos iphonesimulator macosx xros xrsimulator";
				SWIFT_EMIT_LOC_STRINGS = NO;
				SWIFT_VERSION = 5.0;
				TARGETED_DEVICE_FAMILY = "1,2,7";
				TEST_TARGET_NAME = "swift-rpc-demo";
				XROS_DEPLOYMENT_TARGET = 2.0;
			};
			name = Release;
		};
/* End XCBuildConfiguration section */

/* Begin XCConfigurationList section */
		EB227E992DD0FB7B00ED8411 /* Build configuration list for PBXProject "swift-rpc-demo" */ = {
			isa = XCConfigurationList;
			buildConfigurations = (
				EB227EC12DD0FB7C00ED8411 /* Debug */,
				EB227EC22DD0FB7C00ED8411 /* Release */,
			);
			defaultConfigurationIsVisible = 0;
			defaultConfigurationName = Release;
		};
		EB227EC32DD0FB7C00ED8411 /* Build configuration list for PBXNativeTarget "swift-rpc-demo" */ = {
			isa = XCConfigurationList;
			buildConfigurations = (
				EB227EC42DD0FB7C00ED8411 /* Debug */,
				EB227EC52DD0FB7C00ED8411 /* Release */,
			);
			defaultConfigurationIsVisible = 0;
			defaultConfigurationName = Release;
		};
		EB227EC62DD0FB7C00ED8411 /* Build configuration list for PBXNativeTarget "swift-rpc-demoTests" */ = {
			isa = XCConfigurationList;
			buildConfigurations = (
				EB227EC72DD0FB7C00ED8411 /* Debug */,
				EB227EC82DD0FB7C00ED8411 /* Release */,
			);
			defaultConfigurationIsVisible = 0;
			defaultConfigurationName = Release;
		};
		EB227EC92DD0FB7C00ED8411 /* Build configuration list for PBXNativeTarget "swift-rpc-demoUITests" */ = {
			isa = XCConfigurationList;
			buildConfigurations = (
				EB227ECA2DD0FB7C00ED8411 /* Debug */,
				EB227ECB2DD0FB7C00ED8411 /* Release */,
			);
			defaultConfigurationIsVisible = 0;
			defaultConfigurationName = Release;
		};
/* End XCConfigurationList section */
	};
	rootObject = EB227E962DD0FB7B00ED8411 /* Project object */;
}
